
Microsoft Visual Studio Solution File, Format Version 12.00
# Visual Studio 15
VisualStudioVersion = 15.0.28307.779
MinimumVisualStudioVersion = 10.0.40219.1
Project("{9A19103F-16F7-4668-BE54-9A1E7A4F7556}") = "Academy.Service", "Academy.Service\Academy.Service.csproj", "{F492A67E-D333-44DE-8B79-14614DF6505F}"
EndProject
Project("{9A19103F-16F7-4668-BE54-9A1E7A4F7556}") = "Academy.DataAccessLayer", "Academy.DataAccessLayer\Academy.DataAccessLayer.csproj", "{B7F45121-96BE-461E-8D7D-DD1726B78EA6}"
EndProject
Project("{9A19103F-16F7-4668-BE54-9A1E7A4F7556}") = "Academy.DataTransferObject", "Academy.DataTransferObject\Academy.DataTransferObject.csproj", "{D1EEC143-B52B-4FA9-A5A8-9550E2A4B059}"
EndProject
Project("{9A19103F-16F7-4668-BE54-9A1E7A4F7556}") = "Academy.Api", "Academy.Api\Academy.Api.csproj", "{BDA81A05-7729-4C4C-B7A5-C303F4A3CB50}"
EndProject
Project("{9A19103F-16F7-4668-BE54-9A1E7A4F7556}") = "Academy.App", "Academy.App\Academy.App.csproj", "{00F465E0-A70B-45DC-BA73-66C76AA75041}"
EndProject
Global
	GlobalSection(SolutionConfigurationPlatforms) = preSolution
		Debug|Any CPU = Debug|Any CPU
		Release|Any CPU = Release|Any CPU
	EndGlobalSection
	GlobalSection(ProjectConfigurationPlatforms) = postSolution
		{F492A67E-D333-44DE-8B79-14614DF6505F}.Debug|Any CPU.ActiveCfg = Debug|Any CPU
		{F492A67E-D333-44DE-8B79-14614DF6505F}.Debug|Any CPU.Build.0 = Debug|Any CPU
		{F492A67E-D333-44DE-8B79-14614DF6505F}.Release|Any CPU.ActiveCfg = Release|Any CPU
		{F492A67E-D333-44DE-8B79-14614DF6505F}.Release|Any CPU.Build.0 = Release|Any CPU
		{B7F45121-96BE-461E-8D7D-DD1726B78EA6}.Debug|Any CPU.ActiveCfg = Debug|Any CPU
		{B7F45121-96BE-461E-8D7D-DD1726B78EA6}.Debug|Any CPU.Build.0 = Debug|Any CPU
		{B7F45121-96BE-461E-8D7D-DD1726B78EA6}.Release|Any CPU.ActiveCfg = Release|Any CPU
		{B7F45121-96BE-461E-8D7D-DD1726B78EA6}.Release|Any CPU.Build.0 = Release|Any CPU
		{D1EEC143-B52B-4FA9-A5A8-9550E2A4B059}.Debug|Any CPU.ActiveCfg = Debug|Any CPU
		{D1EEC143-B52B-4FA9-A5A8-9550E2A4B059}.Debug|Any CPU.Build.0 = Debug|Any CPU
		{D1EEC143-B52B-4FA9-A5A8-9550E2A4B059}.Release|Any CPU.ActiveCfg = Release|Any CPU
		{D1EEC143-B52B-4FA9-A5A8-9550E2A4B059}.Release|Any CPU.Build.0 = Release|Any CPU
		{BDA81A05-7729-4C4C-B7A5-C303F4A3CB50}.Debug|Any CPU.ActiveCfg = Debug|Any CPU
		{BDA81A05-7729-4C4C-B7A5-C303F4A3CB50}.Debug|Any CPU.Build.0 = Debug|Any CPU
		{BDA81A05-7729-4C4C-B7A5-C303F4A3CB50}.Release|Any CPU.ActiveCfg = Release|Any CPU
		{BDA81A05-7729-4C4C-B7A5-C303F4A3CB50}.Release|Any CPU.Build.0 = Release|Any CPU
		{00F465E0-A70B-45DC-BA73-66C76AA75041}.Debug|Any CPU.ActiveCfg = Debug|Any CPU
		{00F465E0-A70B-45DC-BA73-66C76AA75041}.Debug|Any CPU.Build.0 = Debug|Any CPU
		{00F465E0-A70B-45DC-BA73-66C76AA75041}.Release|Any CPU.ActiveCfg = Release|Any CPU
		{00F465E0-A70B-45DC-BA73-66C76AA75041}.Release|Any CPU.Build.0 = Release|Any CPU
	EndGlobalSection
	GlobalSection(SolutionProperties) = preSolution
		HideSolutionNode = FALSE
	EndGlobalSection
	GlobalSection(ExtensibilityGlobals) = postSolution
		SolutionGuid = {1C3AED82-E0D5-4EEB-96B7-5B135FDD667F}
	EndGlobalSection
EndGlobal
